
Microsoft Visual Studio Solution File, Format Version 12.00
# Visual Studio Version 16
VisualStudioVersion = 25.0.1706.9
MinimumVisualStudioVersion = 10.0.40219.1
Project("{FAE04EC0-301F-11D3-BF4B-00C04F79EFBC}") = "BlogAppNew", "BlogAppNew\BlogAppNew.csproj", "{80F51C95-9904-4117-AA85-FB3D1428C9D4}"
EndProject
Global
	GlobalSection(SolutionConfigurationPlatforms) = preSolution
		Debug|Any CPU = Debug|Any CPU
		Release|Any CPU = Release|Any CPU
	EndGlobalSection
	GlobalSection(ProjectConfigurationPlatforms) = postSolution
		{80F51C95-9904-4117-AA85-FB3D1428C9D4}.Debug|Any CPU.ActiveCfg = Debug|Any CPU
		{80F51C95-9904-4117-AA85-FB3D1428C9D4}.Debug|Any CPU.Build.0 = Debug|Any CPU
		{80F51C95-9904-4117-AA85-FB3D1428C9D4}.Release|Any CPU.ActiveCfg = Release|Any CPU
		{80F51C95-9904-4117-AA85-FB3D1428C9D4}.Release|Any CPU.Build.0 = Release|Any CPU
	EndGlobalSection
	GlobalSection(SolutionProperties) = preSolution
		HideSolutionNode = FALSE
	EndGlobalSection
	GlobalSection(ExtensibilityGlobals) = postSolution
		SolutionGuid = {F0B0B6DC-17F7-48ED-BE4A-AE54E300650B}
	EndGlobalSection
EndGlobal
